<?xml version="1.0" encoding="utf-8"?>
<Project ToolsVersion="4.0" xmlns="http://schemas.microsoft.com/developer/msbuild/2003">
  <ItemGroup>
    <Filter Include="Source Files">
      <UniqueIdentifier>{4FC737F1-C7A5-4376-A066-2A32D752A2FF}</UniqueIdentifier>
      <Extensions>cpp;c;cc;cxx;c++;cppm;ixx;def;odl;idl;hpj;bat;asm;asmx</Extensions>
    </Filter>
    <Filter Include="Header Files">
      <UniqueIdentifier>{93995380-89BD-4b04-88EB-625FBE52EBFB}</UniqueIdentifier>
      <Extensions>h;hh;hpp;hxx;h++;hm;inl;inc;ipp;xsd</Extensions>
    </Filter>
    <Filter Include="Resource Files">
      <UniqueIdentifier>{67DA6AB6-F800-4c08-8B7A-83BB121AAD01}</UniqueIdentifier>
      <Extensions>rc;ico;cur;bmp;dlg;rc2;rct;bin;rgs;gif;jpg;jpeg;jpe;resx;tiff;tif;png;wav;mfcribbon-ms</Extensions>
    </Filter>
    <Filter Include="DXRenderer">
      <UniqueIdentifier>{c617cb24-1b82-44e1-9552-8672fc4db7a7}</UniqueIdentifier>
    </Filter>
    <Filter Include="SnakeApp">
      <UniqueIdentifier>{0f242862-c9e6-495f-9d23-07243e45ac39}</UniqueIdentifier>
    </Filter>
    <Filter Include="Qt Files">
      <UniqueIdentifier>{20627274-c086-4e0c-97fc-d91258d06a17}</UniqueIdentifier>
    </Filter>
    <Filter Include="DXResources">
      <UniqueIdentifier>{017edf9d-af98-49d4-84f7-16b5db581112}</UniqueIdentifier>
    </Filter>
    <Filter Include="DXResources\GPUReadback">
      <UniqueIdentifier>{756d640c-d952-4e58-b2b3-9a602a75c1c0}</UniqueIdentifier>
    </Filter>
    <Filter Include="DXResources\RTVResource">
      <UniqueIdentifier>{6c56c309-a9de-451b-abb7-a9a382688e80}</UniqueIdentifier>
    </Filter>
    <Filter Include="DXResources\DXResource">
      <UniqueIdentifier>{5000eb50-cb1c-40bf-a43c-cb02aebef24a}</UniqueIdentifier>
    </Filter>
    <Filter Include="Utils">
      <UniqueIdentifier>{61300b9f-5efd-4b5a-b884-2eb238f2d691}</UniqueIdentifier>
    </Filter>
    <Filter Include="Utils\CustomStopwatch">
      <UniqueIdentifier>{c831eb25-f70b-4bca-8db4-eb658c4cca60}</UniqueIdentifier>
    </Filter>
    <Filter Include="DXResources\VertexBuffer">
      <UniqueIdentifier>{df2b8a02-5d6a-4f6d-89d8-7e65723c9261}</UniqueIdentifier>
    </Filter>
    <Filter Include="HLSL">
      <UniqueIdentifier>{e1a21206-aba1-4973-a62f-50aeeb645702}</UniqueIdentifier>
    </Filter>
    <Filter Include="HLSL\Overlays">
      <UniqueIdentifier>{5895d7c3-1519-41d4-acc4-3600e3267b7f}</UniqueIdentifier>
    </Filter>
    <Filter Include="Utils\Shape">
      <UniqueIdentifier>{40070fe6-1cf1-4cf4-90eb-a1533c9693b1}</UniqueIdentifier>
    </Filter>
    <Filter Include="Qt Files\Viewport">
      <UniqueIdentifier>{eddd5f12-ff1b-4262-a12f-290ae9ecd4d7}</UniqueIdentifier>
    </Filter>
    <Filter Include="HLSL\RayTracing">
      <UniqueIdentifier>{341db61f-4e8f-4dec-852f-03704652e133}</UniqueIdentifier>
    </Filter>
    <Filter Include="DXResources\GPUDefaultHeap">
      <UniqueIdentifier>{55452f7e-e95c-4b03-9fa8-85b52eecbf40}</UniqueIdentifier>
    </Filter>
    <Filter Include="DXResources\2DOutputTexture">
      <UniqueIdentifier>{1bee8b11-ca94-4dcc-8c8e-c249dc9786b8}</UniqueIdentifier>
    </Filter>
    <Filter Include="ShaderCompiler">
      <UniqueIdentifier>{b4fbfff9-7ba0-4456-a7e4-493bc9168684}</UniqueIdentifier>
    </Filter>
    <Filter Include="DXResources\SBTUploadHeap">
      <UniqueIdentifier>{ed52c3a5-d6ff-4471-a5d2-b806edfb3466}</UniqueIdentifier>
    </Filter>
    <Filter Include="DXResources\SBTDefaultHeap">
      <UniqueIdentifier>{9d1be7fa-360c-4d2c-8b73-a1d5d27c953f}</UniqueIdentifier>
    </Filter>
    <Filter Include="DXResources\AccelerationStructureData">
      <UniqueIdentifier>{a8b1a554-b023-4177-bffc-2246de791a58}</UniqueIdentifier>
    </Filter>
    <Filter Include="DXResources\CameraBuffer">
      <UniqueIdentifier>{a109fd9c-b587-4c03-9edb-6db13f1a0a70}</UniqueIdentifier>
    </Filter>
    <Filter Include="SnakeApp\Movement">
      <UniqueIdentifier>{855c9c3d-3432-4423-b2d6-774ba128c1d3}</UniqueIdentifier>
    </Filter>
    <Filter Include="SnakeApp\Objects">
      <UniqueIdentifier>{b6ad6dae-c64b-4cc6-aa8f-3bdf7f2499de}</UniqueIdentifier>
    </Filter>
    <Filter Include="SnakeApp\Objects\SceneObject">
      <UniqueIdentifier>{43b59366-fef7-428b-9e1d-26499744730c}</UniqueIdentifier>
    </Filter>
    <Filter Include="SnakeApp\Objects\CameraSceneObject">
      <UniqueIdentifier>{c8cfd1d6-f118-4f7e-973f-15cc27b93048}</UniqueIdentifier>
    </Filter>
  </ItemGroup>
  <ItemGroup>
    <ClCompile Include="main.cpp">
      <Filter>Source Files</Filter>
    </ClCompile>
    <ClCompile Include="SnakeApp.cpp">
      <Filter>SnakeApp</Filter>
    </ClCompile>
    <ClCompile Include="MainWindow.cpp">
      <Filter>Qt Files</Filter>
    </ClCompile>
    <ClCompile Include="RTVResource.cpp">
      <Filter>DXResources\RTVResource</Filter>
    </ClCompile>
    <ClCompile Include="GPUReadbackHeapResource.cpp">
      <Filter>DXResources\GPUReadback</Filter>
    </ClCompile>
    <ClCompile Include="DXRenderer.cpp">
      <Filter>DXRenderer</Filter>
    </ClCompile>
    <ClCompile Include="DXResource.cpp">
      <Filter>DXResources\DXResource</Filter>
    </ClCompile>
    <ClCompile Include="CustomStopwatch.cpp">
      <Filter>Utils\CustomStopwatch</Filter>
    </ClCompile>
    <ClCompile Include="VertexBuffer.cpp">
      <Filter>DXResources\VertexBuffer</Filter>
    </ClCompile>
    <ClCompile Include="Shape.cpp">
      <Filter>Utils\Shape</Filter>
    </ClCompile>
    <ClCompile Include="GPUDefaultHeap.cpp">
      <Filter>DXResources\GPUDefaultHeap</Filter>
    </ClCompile>
    <ClCompile Include="OutputTexture.cpp">
      <Filter>DXResources\2DOutputTexture</Filter>
    </ClCompile>
    <ClCompile Include="ShaderCompiler.cpp">
      <Filter>ShaderCompiler</Filter>
    </ClCompile>
    <ClCompile Include="SBTUploadHeap.cpp">
      <Filter>DXResources\SBTUploadHeap</Filter>
    </ClCompile>
    <ClCompile Include="SBTDefaultHeap.cpp">
      <Filter>DXResources\SBTDefaultHeap</Filter>
    </ClCompile>
    <ClCompile Include="AccelerationStructureData.cpp">
      <Filter>DXResources\AccelerationStructureData</Filter>
    </ClCompile>
    <ClCompile Include="CameraBufferResource.cpp">
      <Filter>DXResources\CameraBuffer</Filter>
    </ClCompile>
    <ClCompile Include="Movement.cpp">
      <Filter>SnakeApp\Movement</Filter>
    </ClCompile>
    <ClCompile Include="SceneObject.cpp">
      <Filter>SnakeApp\Objects\SceneObject</Filter>
    </ClCompile>
    <ClCompile Include="CameraSceneObject.cpp">
      <Filter>SnakeApp\Objects\CameraSceneObject</Filter>
    </ClCompile>
  </ItemGroup>
  <ItemGroup>
    <ClInclude Include="RTVResource.h">
      <Filter>DXResources\RTVResource</Filter>
    </ClInclude>
    <ClInclude Include="GPUReadbackHeapResource.h">
      <Filter>DXResources\GPUReadback</Filter>
    </ClInclude>
    <ClInclude Include="DXRenderer.h">
      <Filter>DXRenderer</Filter>
    </ClInclude>
    <ClInclude Include="DXResource.h">
      <Filter>DXResources\DXResource</Filter>
    </ClInclude>
    <ClInclude Include="CustomStopwatch.h">
      <Filter>Utils\CustomStopwatch</Filter>
    </ClInclude>
    <ClInclude Include="FPSPresets.h">
      <Filter>Utils</Filter>
    </ClInclude>
    <ClInclude Include="VertexBuffer.h">
      <Filter>DXResources\VertexBuffer</Filter>
    </ClInclude>
    <ClInclude Include="Vertex.h">
      <Filter>Utils</Filter>
    </ClInclude>
    <ClInclude Include="Shape.h">
      <Filter>Utils\Shape</Filter>
    </ClInclude>
    <ClInclude Include="FrameData.h">
      <Filter>Utils</Filter>
    </ClInclude>
    <ClInclude Include="GPUDefaultHeap.h">
      <Filter>DXResources\GPUDefaultHeap</Filter>
    </ClInclude>
    <ClInclude Include="OutputTexture.h">
      <Filter>DXResources\2DOutputTexture</Filter>
    </ClInclude>
    <ClInclude Include="ShaderCompiler.h">
      <Filter>ShaderCompiler</Filter>
    </ClInclude>
    <ClInclude Include="SBTUploadHeap.h">
      <Filter>DXResources\SBTUploadHeap</Filter>
    </ClInclude>
    <ClInclude Include="SBTDefaultHeap.h">
      <Filter>DXResources\SBTDefaultHeap</Filter>
    </ClInclude>
    <ClInclude Include="AccelerationStructureData.h">
      <Filter>DXResources\AccelerationStructureData</Filter>
    </ClInclude>
    <ClInclude Include="CameraBuffer.h">
      <Filter>Utils</Filter>
    </ClInclude>
    <ClInclude Include="CameraBufferResource.h">
      <Filter>DXResources\CameraBuffer</Filter>
    </ClInclude>
    <ClInclude Include="MovementInput.h">
      <Filter>Utils</Filter>
    </ClInclude>
    <ClInclude Include="Movement.h">
      <Filter>SnakeApp\Movement</Filter>
    </ClInclude>
    <ClInclude Include="SceneObject.h">
      <Filter>SnakeApp\Objects\SceneObject</Filter>
    </ClInclude>
    <ClInclude Include="CameraSceneObject.h">
      <Filter>SnakeApp\Objects\CameraSceneObject</Filter>
    </ClInclude>
  </ItemGroup>
  <ItemGroup>
    <QtMoc Include="SnakeApp.h">
      <Filter>SnakeApp</Filter>
    </QtMoc>
    <QtMoc Include="MainWindow.h">
      <Filter>Qt Files</Filter>
    </QtMoc>
  </ItemGroup>
  <ItemGroup>
    <QtUic Include="MainWindow.ui">
      <Filter>Qt Files</Filter>
    </QtUic>
  </ItemGroup>
  <ItemGroup>
    <FxCompile Include="ConstColorVS.hlsl">
      <Filter>HLSL\Overlays</Filter>
    </FxCompile>
    <FxCompile Include="ConstColor.hlsl">
      <Filter>HLSL\Overlays</Filter>
    </FxCompile>
  </ItemGroup>
  <ItemGroup>
    <CopyFileToFolders Include="dlls\dxcompiler.dll" />
    <CopyFileToFolders Include="dlls\dxil.dll" />
  </ItemGroup>
  <ItemGroup>
    <None Include="ray_tracing_shader.hlsl">
      <Filter>HLSL\RayTracing</Filter>
    </None>
  </ItemGroup>
</Project>